
Microsoft Visual Studio Solution File, Format Version 11.00
# Visual C++ Express 2010
Project("{8BC9CEB8-8B4A-11D0-8D11-00A0C91BC942}") = "BackUp_WIn", "BackUp_WIn\BackUp_WIn.vcxproj", "{3E6B2107-17E9-4B45-AE65-8A1D6DD52CF4}"
EndProject
Global
	GlobalSection(SolutionConfigurationPlatforms) = preSolution
		Debug|Win32 = Debug|Win32
		Release|Win32 = Release|Win32
	EndGlobalSection
	GlobalSection(ProjectConfigurationPlatforms) = postSolution
		{3E6B2107-17E9-4B45-AE65-8A1D6DD52CF4}.Debug|Win32.ActiveCfg = Debug|Win32
		{3E6B2107-17E9-4B45-AE65-8A1D6DD52CF4}.Debug|Win32.Build.0 = Debug|Win32
		{3E6B2107-17E9-4B45-AE65-8A1D6DD52CF4}.Release|Win32.ActiveCfg = Release|Win32
		{3E6B2107-17E9-4B45-AE65-8A1D6DD52CF4}.Release|Win32.Build.0 = Release|Win32
	EndGlobalSection
	GlobalSection(SolutionProperties) = preSolution
		HideSolutionNode = FALSE
	EndGlobalSection
EndGlobal
